// !$*UTF8*$!
{
	archiveVersion = 1;
	classes = {
	};
	objectVersion = 55;
	objects = {

/* Begin PBXBuildFile section */
		1CE78D2A2842569800718645 /* AppDelegate.swift in Sources */ = {isa = PBXBuildFile; fileRef = 1CE78D292842569800718645 /* AppDelegate.swift */; };
		1CE78D2E2842569800718645 /* ViewController.swift in Sources */ = {isa = PBXBuildFile; fileRef = 1CE78D2D2842569800718645 /* ViewController.swift */; };
		1CE78D312842569800718645 /* Main.storyboard in Resources */ = {isa = PBXBuildFile; fileRef = 1CE78D2F2842569800718645 /* Main.storyboard */; };
		1CE78D332842569A00718645 /* Assets.xcassets in Resources */ = {isa = PBXBuildFile; fileRef = 1CE78D322842569A00718645 /* Assets.xcassets */; };
		1CE78D362842569A00718645 /* LaunchScreen.storyboard in Resources */ = {isa = PBXBuildFile; fileRef = 1CE78D342842569A00718645 /* LaunchScreen.storyboard */; };
		1CE78D412842569A00718645 /* countriesTests.swift in Sources */ = {isa = PBXBuildFile; fileRef = 1CE78D402842569A00718645 /* countriesTests.swift */; };
		1CE78D4B2842569A00718645 /* countriesUITests.swift in Sources */ = {isa = PBXBuildFile; fileRef = 1CE78D4A2842569A00718645 /* countriesUITests.swift */; };
		1CE78D4D2842569A00718645 /* countriesUITestsLaunchTests.swift in Sources */ = {isa = PBXBuildFile; fileRef = 1CE78D4C2842569A00718645 /* countriesUITestsLaunchTests.swift */; };
		1CE78D5A2842963A00718645 /* TabbarController.swift in Sources */ = {isa = PBXBuildFile; fileRef = 1CE78D592842963A00718645 /* TabbarController.swift */; };
		1CE78D5D28429AE900718645 /* CountryListViewController.swift in Sources */ = {isa = PBXBuildFile; fileRef = 1CE78D5B28429AE900718645 /* CountryListViewController.swift */; };
		1CE78D5E28429AE900718645 /* CountryListViewController.xib in Resources */ = {isa = PBXBuildFile; fileRef = 1CE78D5C28429AE900718645 /* CountryListViewController.xib */; };
		1CE78D612842A9F500718645 /* CountryListViewModel.swift in Sources */ = {isa = PBXBuildFile; fileRef = 1CE78D602842A9F500718645 /* CountryListViewModel.swift */; };
		1CE78D632842C48900718645 /* CountryModel.swift in Sources */ = {isa = PBXBuildFile; fileRef = 1CE78D622842C48900718645 /* CountryModel.swift */; };
		1CE78D6728437C2C00718645 /* RegionListViewController.swift in Sources */ = {isa = PBXBuildFile; fileRef = 1CE78D6528437C2C00718645 /* RegionListViewController.swift */; };
		1CE78D6828437C2C00718645 /* RegionListViewController.xib in Resources */ = {isa = PBXBuildFile; fileRef = 1CE78D6628437C2C00718645 /* RegionListViewController.xib */; };
		1CE78D6F28437C9600718645 /* RegionItemTableViewCell.swift in Sources */ = {isa = PBXBuildFile; fileRef = 1CE78D6D28437C9600718645 /* RegionItemTableViewCell.swift */; };
		1CE78D7028437C9600718645 /* RegionItemTableViewCell.xib in Resources */ = {isa = PBXBuildFile; fileRef = 1CE78D6E28437C9600718645 /* RegionItemTableViewCell.xib */; };
		1CE78D7228437D7000718645 /* RegionListViewModel.swift in Sources */ = {isa = PBXBuildFile; fileRef = 1CE78D7128437D7000718645 /* RegionListViewModel.swift */; };
		1CE78D762843810200718645 /* UITableViewCell+extension.swift in Sources */ = {isa = PBXBuildFile; fileRef = 1CE78D752843810200718645 /* UITableViewCell+extension.swift */; };
		1CE78D792843892600718645 /* Alamofire in Frameworks */ = {isa = PBXBuildFile; productRef = 1CE78D782843892600718645 /* Alamofire */; };
		1CE78D7C2843895300718645 /* BaseService.swift in Sources */ = {isa = PBXBuildFile; fileRef = 1CE78D7B2843895300718645 /* BaseService.swift */; };
		1CE78D7E2843896A00718645 /* BaseURLRequest.swift in Sources */ = {isa = PBXBuildFile; fileRef = 1CE78D7D2843896A00718645 /* BaseURLRequest.swift */; };
		1CE78D8028438AAE00718645 /* Encodable+extension.swift in Sources */ = {isa = PBXBuildFile; fileRef = 1CE78D7F28438AAE00718645 /* Encodable+extension.swift */; };
		1CE78D8228438B6600718645 /* CountryService.swift in Sources */ = {isa = PBXBuildFile; fileRef = 1CE78D8128438B6600718645 /* CountryService.swift */; };
		1CE78D84284391EF00718645 /* CountryRequest.swift in Sources */ = {isa = PBXBuildFile; fileRef = 1CE78D83284391EF00718645 /* CountryRequest.swift */; };
		1CE78D8D2843A8D600718645 /* CountryItemTableViewCell.swift in Sources */ = {isa = PBXBuildFile; fileRef = 1CE78D8B2843A8D600718645 /* CountryItemTableViewCell.swift */; };
		1CE78D8E2843A8D600718645 /* CountryItemTableViewCell.xib in Resources */ = {isa = PBXBuildFile; fileRef = 1CE78D8C2843A8D600718645 /* CountryItemTableViewCell.xib */; };
		1CE78D902843A9AF00718645 /* UIImageView+extension.swift in Sources */ = {isa = PBXBuildFile; fileRef = 1CE78D8F2843A9AF00718645 /* UIImageView+extension.swift */; };
		1CE78D922843AC5300718645 /* CountryItemViewModel.swift in Sources */ = {isa = PBXBuildFile; fileRef = 1CE78D912843AC5300718645 /* CountryItemViewModel.swift */; };
		1CE78D942843B37F00718645 /* Array+extension.swift in Sources */ = {isa = PBXBuildFile; fileRef = 1CE78D932843B37F00718645 /* Array+extension.swift */; };
		1CE78D982843B73A00718645 /* SearchViewController.swift in Sources */ = {isa = PBXBuildFile; fileRef = 1CE78D962843B73A00718645 /* SearchViewController.swift */; };
		1CE78D992843B73A00718645 /* SearchViewController.xib in Resources */ = {isa = PBXBuildFile; fileRef = 1CE78D972843B73A00718645 /* SearchViewController.xib */; };
/* End PBXBuildFile section */

/* Begin PBXContainerItemProxy section */
		1CE78D3D2842569A00718645 /* PBXContainerItemProxy */ = {
			isa = PBXContainerItemProxy;
			containerPortal = 1CE78D1E2842569800718645 /* Project object */;
			proxyType = 1;
			remoteGlobalIDString = 1CE78D252842569800718645;
			remoteInfo = countries;
		};
		1CE78D472842569A00718645 /* PBXContainerItemProxy */ = {
			isa = PBXContainerItemProxy;
			containerPortal = 1CE78D1E2842569800718645 /* Project object */;
			proxyType = 1;
			remoteGlobalIDString = 1CE78D252842569800718645;
			remoteInfo = countries;
		};
/* End PBXContainerItemProxy section */

/* Begin PBXFileReference section */
		1CE78D262842569800718645 /* countries.app */ = {isa = PBXFileReference; explicitFileType = wrapper.application; includeInIndex = 0; path = countries.app; sourceTree = BUILT_PRODUCTS_DIR; };
		1CE78D292842569800718645 /* AppDelegate.swift */ = {isa = PBXFileReference; lastKnownFileType = sourcecode.swift; path = AppDelegate.swift; sourceTree = "<group>"; };
		1CE78D2D2842569800718645 /* ViewController.swift */ = {isa = PBXFileReference; lastKnownFileType = sourcecode.swift; path = ViewController.swift; sourceTree = "<group>"; };
		1CE78D302842569800718645 /* Base */ = {isa = PBXFileReference; lastKnownFileType = file.storyboard; name = Base; path = Base.lproj/Main.storyboard; sourceTree = "<group>"; };
		1CE78D322842569A00718645 /* Assets.xcassets */ = {isa = PBXFileReference; lastKnownFileType = folder.assetcatalog; path = Assets.xcassets; sourceTree = "<group>"; };
		1CE78D352842569A00718645 /* Base */ = {isa = PBXFileReference; lastKnownFileType = file.storyboard; name = Base; path = Base.lproj/LaunchScreen.storyboard; sourceTree = "<group>"; };
		1CE78D372842569A00718645 /* Info.plist */ = {isa = PBXFileReference; lastKnownFileType = text.plist.xml; path = Info.plist; sourceTree = "<group>"; };
		1CE78D3C2842569A00718645 /* countriesTests.xctest */ = {isa = PBXFileReference; explicitFileType = wrapper.cfbundle; includeInIndex = 0; path = countriesTests.xctest; sourceTree = BUILT_PRODUCTS_DIR; };
		1CE78D402842569A00718645 /* countriesTests.swift */ = {isa = PBXFileReference; lastKnownFileType = sourcecode.swift; path = countriesTests.swift; sourceTree = "<group>"; };
		1CE78D462842569A00718645 /* countriesUITests.xctest */ = {isa = PBXFileReference; explicitFileType = wrapper.cfbundle; includeInIndex = 0; path = countriesUITests.xctest; sourceTree = BUILT_PRODUCTS_DIR; };
		1CE78D4A2842569A00718645 /* countriesUITests.swift */ = {isa = PBXFileReference; lastKnownFileType = sourcecode.swift; path = countriesUITests.swift; sourceTree = "<group>"; };
		1CE78D4C2842569A00718645 /* countriesUITestsLaunchTests.swift */ = {isa = PBXFileReference; lastKnownFileType = sourcecode.swift; path = countriesUITestsLaunchTests.swift; sourceTree = "<group>"; };
		1CE78D592842963A00718645 /* TabbarController.swift */ = {isa = PBXFileReference; lastKnownFileType = sourcecode.swift; path = TabbarController.swift; sourceTree = "<group>"; };
		1CE78D5B28429AE900718645 /* CountryListViewController.swift */ = {isa = PBXFileReference; lastKnownFileType = sourcecode.swift; path = CountryListViewController.swift; sourceTree = "<group>"; };
		1CE78D5C28429AE900718645 /* CountryListViewController.xib */ = {isa = PBXFileReference; lastKnownFileType = file.xib; path = CountryListViewController.xib; sourceTree = "<group>"; };
		1CE78D602842A9F500718645 /* CountryListViewModel.swift */ = {isa = PBXFileReference; lastKnownFileType = sourcecode.swift; path = CountryListViewModel.swift; sourceTree = "<group>"; };
		1CE78D622842C48900718645 /* CountryModel.swift */ = {isa = PBXFileReference; lastKnownFileType = sourcecode.swift; path = CountryModel.swift; sourceTree = "<group>"; };
		1CE78D6528437C2C00718645 /* RegionListViewController.swift */ = {isa = PBXFileReference; lastKnownFileType = sourcecode.swift; path = RegionListViewController.swift; sourceTree = "<group>"; };
		1CE78D6628437C2C00718645 /* RegionListViewController.xib */ = {isa = PBXFileReference; lastKnownFileType = file.xib; path = RegionListViewController.xib; sourceTree = "<group>"; };
		1CE78D6D28437C9600718645 /* RegionItemTableViewCell.swift */ = {isa = PBXFileReference; lastKnownFileType = sourcecode.swift; path = RegionItemTableViewCell.swift; sourceTree = "<group>"; };
		1CE78D6E28437C9600718645 /* RegionItemTableViewCell.xib */ = {isa = PBXFileReference; lastKnownFileType = file.xib; path = RegionItemTableViewCell.xib; sourceTree = "<group>"; };
		1CE78D7128437D7000718645 /* RegionListViewModel.swift */ = {isa = PBXFileReference; lastKnownFileType = sourcecode.swift; path = RegionListViewModel.swift; sourceTree = "<group>"; };
		1CE78D752843810200718645 /* UITableViewCell+extension.swift */ = {isa = PBXFileReference; lastKnownFileType = sourcecode.swift; path = "UITableViewCell+extension.swift"; sourceTree = "<group>"; };
		1CE78D7B2843895300718645 /* BaseService.swift */ = {isa = PBXFileReference; lastKnownFileType = sourcecode.swift; path = BaseService.swift; sourceTree = "<group>"; };
		1CE78D7D2843896A00718645 /* BaseURLRequest.swift */ = {isa = PBXFileReference; lastKnownFileType = sourcecode.swift; path = BaseURLRequest.swift; sourceTree = "<group>"; };
		1CE78D7F28438AAE00718645 /* Encodable+extension.swift */ = {isa = PBXFileReference; lastKnownFileType = sourcecode.swift; path = "Encodable+extension.swift"; sourceTree = "<group>"; };
		1CE78D8128438B6600718645 /* CountryService.swift */ = {isa = PBXFileReference; lastKnownFileType = sourcecode.swift; path = CountryService.swift; sourceTree = "<group>"; };
		1CE78D83284391EF00718645 /* CountryRequest.swift */ = {isa = PBXFileReference; lastKnownFileType = sourcecode.swift; path = CountryRequest.swift; sourceTree = "<group>"; };
		1CE78D8B2843A8D600718645 /* CountryItemTableViewCell.swift */ = {isa = PBXFileReference; lastKnownFileType = sourcecode.swift; path = CountryItemTableViewCell.swift; sourceTree = "<group>"; };
		1CE78D8C2843A8D600718645 /* CountryItemTableViewCell.xib */ = {isa = PBXFileReference; lastKnownFileType = file.xib; path = CountryItemTableViewCell.xib; sourceTree = "<group>"; };
		1CE78D8F2843A9AF00718645 /* UIImageView+extension.swift */ = {isa = PBXFileReference; lastKnownFileType = sourcecode.swift; path = "UIImageView+extension.swift"; sourceTree = "<group>"; };
		1CE78D912843AC5300718645 /* CountryItemViewModel.swift */ = {isa = PBXFileReference; lastKnownFileType = sourcecode.swift; path = CountryItemViewModel.swift; sourceTree = "<group>"; };
		1CE78D932843B37F00718645 /* Array+extension.swift */ = {isa = PBXFileReference; lastKnownFileType = sourcecode.swift; path = "Array+extension.swift"; sourceTree = "<group>"; };
		1CE78D962843B73A00718645 /* SearchViewController.swift */ = {isa = PBXFileReference; lastKnownFileType = sourcecode.swift; path = SearchViewController.swift; sourceTree = "<group>"; };
		1CE78D972843B73A00718645 /* SearchViewController.xib */ = {isa = PBXFileReference; lastKnownFileType = file.xib; path = SearchViewController.xib; sourceTree = "<group>"; };
/* End PBXFileReference section */

/* Begin PBXFrameworksBuildPhase section */
		1CE78D232842569800718645 /* Frameworks */ = {
			isa = PBXFrameworksBuildPhase;
			buildActionMask = 2147483647;
			files = (
				1CE78D792843892600718645 /* Alamofire in Frameworks */,
			);
			runOnlyForDeploymentPostprocessing = 0;
		};
		1CE78D392842569A00718645 /* Frameworks */ = {
			isa = PBXFrameworksBuildPhase;
			buildActionMask = 2147483647;
			files = (
			);
			runOnlyForDeploymentPostprocessing = 0;
		};
		1CE78D432842569A00718645 /* Frameworks */ = {
			isa = PBXFrameworksBuildPhase;
			buildActionMask = 2147483647;
			files = (
			);
			runOnlyForDeploymentPostprocessing = 0;
		};
/* End PBXFrameworksBuildPhase section */

/* Begin PBXGroup section */
		1CE78D1D2842569800718645 = {
			isa = PBXGroup;
			children = (
				1CE78D282842569800718645 /* countries */,
				1CE78D3F2842569A00718645 /* countriesTests */,
				1CE78D492842569A00718645 /* countriesUITests */,
				1CE78D272842569800718645 /* Products */,
			);
			sourceTree = "<group>";
		};
		1CE78D272842569800718645 /* Products */ = {
			isa = PBXGroup;
			children = (
				1CE78D262842569800718645 /* countries.app */,
				1CE78D3C2842569A00718645 /* countriesTests.xctest */,
				1CE78D462842569A00718645 /* countriesUITests.xctest */,
			);
			name = Products;
			sourceTree = "<group>";
		};
		1CE78D282842569800718645 /* countries */ = {
			isa = PBXGroup;
			children = (
				1CE78D7A2843893500718645 /* Network */,
				1CE78D74284380EE00718645 /* Extensions */,
				1CE78D292842569800718645 /* AppDelegate.swift */,
				1CE78D2D2842569800718645 /* ViewController.swift */,
				1CE78D2F2842569800718645 /* Main.storyboard */,
				1CE78D322842569A00718645 /* Assets.xcassets */,
				1CE78D342842569A00718645 /* LaunchScreen.storyboard */,
				1CE78D372842569A00718645 /* Info.plist */,
				1CE78D592842963A00718645 /* TabbarController.swift */,
				1CE78D952843B71D00718645 /* Search */,
				1CE78D6428437C0D00718645 /* Region List */,
				1CE78D5F28429D0400718645 /* Country List */,
			);
			path = countries;
			sourceTree = "<group>";
		};
		1CE78D3F2842569A00718645 /* countriesTests */ = {
			isa = PBXGroup;
			children = (
				1CE78D402842569A00718645 /* countriesTests.swift */,
			);
			path = countriesTests;
			sourceTree = "<group>";
		};
		1CE78D492842569A00718645 /* countriesUITests */ = {
			isa = PBXGroup;
			children = (
				1CE78D4A2842569A00718645 /* countriesUITests.swift */,
				1CE78D4C2842569A00718645 /* countriesUITestsLaunchTests.swift */,
			);
			path = countriesUITests;
			sourceTree = "<group>";
		};
		1CE78D5F28429D0400718645 /* Country List */ = {
			isa = PBXGroup;
			children = (
				1CE78D89284392B100718645 /* Network */,
				1CE78D872843929000718645 /* Model */,
				1CE78D882843929600718645 /* View */,
				1CE78D862843928400718645 /* ViewModel */,
			);
			path = "Country List";
			sourceTree = "<group>";
		};
		1CE78D6428437C0D00718645 /* Region List */ = {
			isa = PBXGroup;
			children = (
				1CE78D7328437D7900718645 /* ViewModel */,
				1CE78D6928437C3400718645 /* View */,
			);
			path = "Region List";
			sourceTree = "<group>";
		};
		1CE78D6928437C3400718645 /* View */ = {
			isa = PBXGroup;
			children = (
				1CE78D6C28437C6D00718645 /* Cell */,
				1CE78D6A28437C4F00718645 /* Controller */,
			);
			path = View;
			sourceTree = "<group>";
		};
		1CE78D6A28437C4F00718645 /* Controller */ = {
			isa = PBXGroup;
			children = (
				1CE78D6528437C2C00718645 /* RegionListViewController.swift */,
				1CE78D6628437C2C00718645 /* RegionListViewController.xib */,
			);
			path = Controller;
			sourceTree = "<group>";
		};
		1CE78D6C28437C6D00718645 /* Cell */ = {
			isa = PBXGroup;
			children = (
				1CE78D6D28437C9600718645 /* RegionItemTableViewCell.swift */,
				1CE78D6E28437C9600718645 /* RegionItemTableViewCell.xib */,
			);
			path = Cell;
			sourceTree = "<group>";
		};
		1CE78D7328437D7900718645 /* ViewModel */ = {
			isa = PBXGroup;
			children = (
				1CE78D7128437D7000718645 /* RegionListViewModel.swift */,
			);
			path = ViewModel;
			sourceTree = "<group>";
		};
		1CE78D74284380EE00718645 /* Extensions */ = {
			isa = PBXGroup;
			children = (
				1CE78D7F28438AAE00718645 /* Encodable+extension.swift */,
				1CE78D752843810200718645 /* UITableViewCell+extension.swift */,
				1CE78D8F2843A9AF00718645 /* UIImageView+extension.swift */,
				1CE78D932843B37F00718645 /* Array+extension.swift */,
			);
			path = Extensions;
			sourceTree = "<group>";
		};
		1CE78D7A2843893500718645 /* Network */ = {
			isa = PBXGroup;
			children = (
				1CE78D7B2843895300718645 /* BaseService.swift */,
				1CE78D7D2843896A00718645 /* BaseURLRequest.swift */,
			);
			path = Network;
			sourceTree = "<group>";
		};
		1CE78D852843927D00718645 /* Controller */ = {
			isa = PBXGroup;
			children = (
				1CE78D5B28429AE900718645 /* CountryListViewController.swift */,
				1CE78D5C28429AE900718645 /* CountryListViewController.xib */,
			);
			path = Controller;
			sourceTree = "<group>";
		};
		1CE78D862843928400718645 /* ViewModel */ = {
			isa = PBXGroup;
			children = (
				1CE78D602842A9F500718645 /* CountryListViewModel.swift */,
				1CE78D912843AC5300718645 /* CountryItemViewModel.swift */,
			);
			path = ViewModel;
			sourceTree = "<group>";
		};
		1CE78D872843929000718645 /* Model */ = {
			isa = PBXGroup;
			children = (
				1CE78D622842C48900718645 /* CountryModel.swift */,
			);
			path = Model;
			sourceTree = "<group>";
		};
		1CE78D882843929600718645 /* View */ = {
			isa = PBXGroup;
			children = (
				1CE78D8A2843A8BF00718645 /* Cell */,
				1CE78D852843927D00718645 /* Controller */,
			);
			path = View;
			sourceTree = "<group>";
		};
		1CE78D89284392B100718645 /* Network */ = {
			isa = PBXGroup;
			children = (
				1CE78D8128438B6600718645 /* CountryService.swift */,
				1CE78D83284391EF00718645 /* CountryRequest.swift */,
			);
			path = Network;
			sourceTree = "<group>";
		};
		1CE78D8A2843A8BF00718645 /* Cell */ = {
			isa = PBXGroup;
			children = (
				1CE78D8B2843A8D600718645 /* CountryItemTableViewCell.swift */,
				1CE78D8C2843A8D600718645 /* CountryItemTableViewCell.xib */,
			);
			path = Cell;
			sourceTree = "<group>";
		};
		1CE78D952843B71D00718645 /* Search */ = {
			isa = PBXGroup;
			children = (
				1CE78D9A2843BA4000718645 /* View */,
			);
			path = Search;
			sourceTree = "<group>";
		};
		1CE78D9A2843BA4000718645 /* View */ = {
			isa = PBXGroup;
			children = (
				1CE78D9B2843BA4D00718645 /* Controller */,
			);
			path = View;
			sourceTree = "<group>";
		};
		1CE78D9B2843BA4D00718645 /* Controller */ = {
			isa = PBXGroup;
			children = (
				1CE78D962843B73A00718645 /* SearchViewController.swift */,
				1CE78D972843B73A00718645 /* SearchViewController.xib */,
			);
			path = Controller;
			sourceTree = "<group>";
		};
/* End PBXGroup section */

/* Begin PBXNativeTarget section */
		1CE78D252842569800718645 /* countries */ = {
			isa = PBXNativeTarget;
			buildConfigurationList = 1CE78D502842569A00718645 /* Build configuration list for PBXNativeTarget "countries" */;
			buildPhases = (
				1CE78D222842569800718645 /* Sources */,
				1CE78D232842569800718645 /* Frameworks */,
				1CE78D242842569800718645 /* Resources */,
			);
			buildRules = (
			);
			dependencies = (
			);
			name = countries;
			packageProductDependencies = (
				1CE78D782843892600718645 /* Alamofire */,
			);
			productName = countries;
			productReference = 1CE78D262842569800718645 /* countries.app */;
			productType = "com.apple.product-type.application";
		};
		1CE78D3B2842569A00718645 /* countriesTests */ = {
			isa = PBXNativeTarget;
			buildConfigurationList = 1CE78D532842569A00718645 /* Build configuration list for PBXNativeTarget "countriesTests" */;
			buildPhases = (
				1CE78D382842569A00718645 /* Sources */,
				1CE78D392842569A00718645 /* Frameworks */,
				1CE78D3A2842569A00718645 /* Resources */,
			);
			buildRules = (
			);
			dependencies = (
				1CE78D3E2842569A00718645 /* PBXTargetDependency */,
			);
			name = countriesTests;
			productName = countriesTests;
			productReference = 1CE78D3C2842569A00718645 /* countriesTests.xctest */;
			productType = "com.apple.product-type.bundle.unit-test";
		};
		1CE78D452842569A00718645 /* countriesUITests */ = {
			isa = PBXNativeTarget;
			buildConfigurationList = 1CE78D562842569A00718645 /* Build configuration list for PBXNativeTarget "countriesUITests" */;
			buildPhases = (
				1CE78D422842569A00718645 /* Sources */,
				1CE78D432842569A00718645 /* Frameworks */,
				1CE78D442842569A00718645 /* Resources */,
			);
			buildRules = (
			);
			dependencies = (
				1CE78D482842569A00718645 /* PBXTargetDependency */,
			);
			name = countriesUITests;
			productName = countriesUITests;
			productReference = 1CE78D462842569A00718645 /* countriesUITests.xctest */;
			productType = "com.apple.product-type.bundle.ui-testing";
		};
/* End PBXNativeTarget section */

/* Begin PBXProject section */
		1CE78D1E2842569800718645 /* Project object */ = {
			isa = PBXProject;
			attributes = {
				BuildIndependentTargetsInParallel = 1;
				LastSwiftUpdateCheck = 1320;
				LastUpgradeCheck = 1320;
				TargetAttributes = {
					1CE78D252842569800718645 = {
						CreatedOnToolsVersion = 13.2.1;
					};
					1CE78D3B2842569A00718645 = {
						CreatedOnToolsVersion = 13.2.1;
						TestTargetID = 1CE78D252842569800718645;
					};
					1CE78D452842569A00718645 = {
						CreatedOnToolsVersion = 13.2.1;
						TestTargetID = 1CE78D252842569800718645;
					};
				};
			};
			buildConfigurationList = 1CE78D212842569800718645 /* Build configuration list for PBXProject "countries" */;
			compatibilityVersion = "Xcode 13.0";
			developmentRegion = en;
			hasScannedForEncodings = 0;
			knownRegions = (
				en,
				Base,
			);
			mainGroup = 1CE78D1D2842569800718645;
			packageReferences = (
				1CE78D772843892600718645 /* XCRemoteSwiftPackageReference "Alamofire" */,
			);
			productRefGroup = 1CE78D272842569800718645 /* Products */;
			projectDirPath = "";
			projectRoot = "";
			targets = (
				1CE78D252842569800718645 /* countries */,
				1CE78D3B2842569A00718645 /* countriesTests */,
				1CE78D452842569A00718645 /* countriesUITests */,
			);
		};
/* End PBXProject section */

/* Begin PBXResourcesBuildPhase section */
		1CE78D242842569800718645 /* Resources */ = {
			isa = PBXResourcesBuildPhase;
			buildActionMask = 2147483647;
			files = (
				1CE78D362842569A00718645 /* LaunchScreen.storyboard in Resources */,
				1CE78D6828437C2C00718645 /* RegionListViewController.xib in Resources */,
				1CE78D8E2843A8D600718645 /* CountryItemTableViewCell.xib in Resources */,
				1CE78D5E28429AE900718645 /* CountryListViewController.xib in Resources */,
				1CE78D7028437C9600718645 /* RegionItemTableViewCell.xib in Resources */,
				1CE78D332842569A00718645 /* Assets.xcassets in Resources */,
				1CE78D992843B73A00718645 /* SearchViewController.xib in Resources */,
				1CE78D312842569800718645 /* Main.storyboard in Resources */,
			);
			runOnlyForDeploymentPostprocessing = 0;
		};
		1CE78D3A2842569A00718645 /* Resources */ = {
			isa = PBXResourcesBuildPhase;
			buildActionMask = 2147483647;
			files = (
			);
			runOnlyForDeploymentPostprocessing = 0;
		};
		1CE78D442842569A00718645 /* Resources */ = {
			isa = PBXResourcesBuildPhase;
			buildActionMask = 2147483647;
			files = (
			);
			runOnlyForDeploymentPostprocessing = 0;
		};
/* End PBXResourcesBuildPhase section */

/* Begin PBXSourcesBuildPhase section */
		1CE78D222842569800718645 /* Sources */ = {
			isa = PBXSourcesBuildPhase;
			buildActionMask = 2147483647;
			files = (
				1CE78D922843AC5300718645 /* CountryItemViewModel.swift in Sources */,
				1CE78D8028438AAE00718645 /* Encodable+extension.swift in Sources */,
				1CE78D2E2842569800718645 /* ViewController.swift in Sources */,
				1CE78D8228438B6600718645 /* CountryService.swift in Sources */,
				1CE78D7228437D7000718645 /* RegionListViewModel.swift in Sources */,
				1CE78D6728437C2C00718645 /* RegionListViewController.swift in Sources */,
				1CE78D5D28429AE900718645 /* CountryListViewController.swift in Sources */,
				1CE78D632842C48900718645 /* CountryModel.swift in Sources */,
				1CE78D762843810200718645 /* UITableViewCell+extension.swift in Sources */,
				1CE78D7E2843896A00718645 /* BaseURLRequest.swift in Sources */,
				1CE78D982843B73A00718645 /* SearchViewController.swift in Sources */,
				1CE78D5A2842963A00718645 /* TabbarController.swift in Sources */,
				1CE78D612842A9F500718645 /* CountryListViewModel.swift in Sources */,
				1CE78D902843A9AF00718645 /* UIImageView+extension.swift in Sources */,
				1CE78D6F28437C9600718645 /* RegionItemTableViewCell.swift in Sources */,
				1CE78D942843B37F00718645 /* Array+extension.swift in Sources */,
				1CE78D2A2842569800718645 /* AppDelegate.swift in Sources */,
				1CE78D7C2843895300718645 /* BaseService.swift in Sources */,
				1CE78D84284391EF00718645 /* CountryRequest.swift in Sources */,
				1CE78D8D2843A8D600718645 /* CountryItemTableViewCell.swift in Sources */,
			);
			runOnlyForDeploymentPostprocessing = 0;
		};
		1CE78D382842569A00718645 /* Sources */ = {
			isa = PBXSourcesBuildPhase;
			buildActionMask = 2147483647;
			files = (
				1CE78D412842569A00718645 /* countriesTests.swift in Sources */,
			);
			runOnlyForDeploymentPostprocessing = 0;
		};
		1CE78D422842569A00718645 /* Sources */ = {
			isa = PBXSourcesBuildPhase;
			buildActionMask = 2147483647;
			files = (
				1CE78D4B2842569A00718645 /* countriesUITests.swift in Sources */,
				1CE78D4D2842569A00718645 /* countriesUITestsLaunchTests.swift in Sources */,
			);
			runOnlyForDeploymentPostprocessing = 0;
		};
/* End PBXSourcesBuildPhase section */

/* Begin PBXTargetDependency section */
		1CE78D3E2842569A00718645 /* PBXTargetDependency */ = {
			isa = PBXTargetDependency;
			target = 1CE78D252842569800718645 /* countries */;
			targetProxy = 1CE78D3D2842569A00718645 /* PBXContainerItemProxy */;
		};
		1CE78D482842569A00718645 /* PBXTargetDependency */ = {
			isa = PBXTargetDependency;
			target = 1CE78D252842569800718645 /* countries */;
			targetProxy = 1CE78D472842569A00718645 /* PBXContainerItemProxy */;
		};
/* End PBXTargetDependency section */

/* Begin PBXVariantGroup section */
		1CE78D2F2842569800718645 /* Main.storyboard */ = {
			isa = PBXVariantGroup;
			children = (
				1CE78D302842569800718645 /* Base */,
			);
			name = Main.storyboard;
			sourceTree = "<group>";
		};
		1CE78D342842569A00718645 /* LaunchScreen.storyboard */ = {
			isa = PBXVariantGroup;
			children = (
				1CE78D352842569A00718645 /* Base */,
			);
			name = LaunchScreen.storyboard;
			sourceTree = "<group>";
		};
/* End PBXVariantGroup section */

/* Begin XCBuildConfiguration section */
		1CE78D4E2842569A00718645 /* Debug */ = {
			isa = XCBuildConfiguration;
			buildSettings = {
				ALWAYS_SEARCH_USER_PATHS = NO;
				CLANG_ANALYZER_NONNULL = YES;
				CLANG_ANALYZER_NUMBER_OBJECT_CONVERSION = YES_AGGRESSIVE;
				CLANG_CXX_LANGUAGE_STANDARD = "gnu++17";
				CLANG_CXX_LIBRARY = "libc++";
				CLANG_ENABLE_MODULES = YES;
				CLANG_ENABLE_OBJC_ARC = YES;
				CLANG_ENABLE_OBJC_WEAK = YES;
				CLANG_WARN_BLOCK_CAPTURE_AUTORELEASING = YES;
				CLANG_WARN_BOOL_CONVERSION = YES;
				CLANG_WARN_COMMA = YES;
				CLANG_WARN_CONSTANT_CONVERSION = YES;
				CLANG_WARN_DEPRECATED_OBJC_IMPLEMENTATIONS = YES;
				CLANG_WARN_DIRECT_OBJC_ISA_USAGE = YES_ERROR;
				CLANG_WARN_DOCUMENTATION_COMMENTS = YES;
				CLANG_WARN_EMPTY_BODY = YES;
				CLANG_WARN_ENUM_CONVERSION = YES;
				CLANG_WARN_INFINITE_RECURSION = YES;
				CLANG_WARN_INT_CONVERSION = YES;
				CLANG_WARN_NON_LITERAL_NULL_CONVERSION = YES;
				CLANG_WARN_OBJC_IMPLICIT_RETAIN_SELF = YES;
				CLANG_WARN_OBJC_LITERAL_CONVERSION = YES;
				CLANG_WARN_OBJC_ROOT_CLASS = YES_ERROR;
				CLANG_WARN_QUOTED_INCLUDE_IN_FRAMEWORK_HEADER = YES;
				CLANG_WARN_RANGE_LOOP_ANALYSIS = YES;
				CLANG_WARN_STRICT_PROTOTYPES = YES;
				CLANG_WARN_SUSPICIOUS_MOVE = YES;
				CLANG_WARN_UNGUARDED_AVAILABILITY = YES_AGGRESSIVE;
				CLANG_WARN_UNREACHABLE_CODE = YES;
				CLANG_WARN__DUPLICATE_METHOD_MATCH = YES;
				COPY_PHASE_STRIP = NO;
				DEBUG_INFORMATION_FORMAT = dwarf;
				ENABLE_STRICT_OBJC_MSGSEND = YES;
				ENABLE_TESTABILITY = YES;
				GCC_C_LANGUAGE_STANDARD = gnu11;
				GCC_DYNAMIC_NO_PIC = NO;
				GCC_NO_COMMON_BLOCKS = YES;
				GCC_OPTIMIZATION_LEVEL = 0;
				GCC_PREPROCESSOR_DEFINITIONS = (
					"DEBUG=1",
					"$(inherited)",
				);
				GCC_WARN_64_TO_32_BIT_CONVERSION = YES;
				GCC_WARN_ABOUT_RETURN_TYPE = YES_ERROR;
				GCC_WARN_UNDECLARED_SELECTOR = YES;
				GCC_WARN_UNINITIALIZED_AUTOS = YES_AGGRESSIVE;
				GCC_WARN_UNUSED_FUNCTION = YES;
				GCC_WARN_UNUSED_VARIABLE = YES;
				IPHONEOS_DEPLOYMENT_TARGET = 13.0;
				MTL_ENABLE_DEBUG_INFO = INCLUDE_SOURCE;
				MTL_FAST_MATH = YES;
				ONLY_ACTIVE_ARCH = YES;
				SDKROOT = iphoneos;
				SWIFT_ACTIVE_COMPILATION_CONDITIONS = DEBUG;
				SWIFT_OPTIMIZATION_LEVEL = "-Onone";
			};
			name = Debug;
		};
		1CE78D4F2842569A00718645 /* Release */ = {
			isa = XCBuildConfiguration;
			buildSettings = {
				ALWAYS_SEARCH_USER_PATHS = NO;
				CLANG_ANALYZER_NONNULL = YES;
				CLANG_ANALYZER_NUMBER_OBJECT_CONVERSION = YES_AGGRESSIVE;
				CLANG_CXX_LANGUAGE_STANDARD = "gnu++17";
				CLANG_CXX_LIBRARY = "libc++";
				CLANG_ENABLE_MODULES = YES;
				CLANG_ENABLE_OBJC_ARC = YES;
				CLANG_ENABLE_OBJC_WEAK = YES;
				CLANG_WARN_BLOCK_CAPTURE_AUTORELEASING = YES;
				CLANG_WARN_BOOL_CONVERSION = YES;
				CLANG_WARN_COMMA = YES;
				CLANG_WARN_CONSTANT_CONVERSION = YES;
				CLANG_WARN_DEPRECATED_OBJC_IMPLEMENTATIONS = YES;
				CLANG_WARN_DIRECT_OBJC_ISA_USAGE = YES_ERROR;
				CLANG_WARN_DOCUMENTATION_COMMENTS = YES;
				CLANG_WARN_EMPTY_BODY = YES;
				CLANG_WARN_ENUM_CONVERSION = YES;
				CLANG_WARN_INFINITE_RECURSION = YES;
				CLANG_WARN_INT_CONVERSION = YES;
				CLANG_WARN_NON_LITERAL_NULL_CONVERSION = YES;
				CLANG_WARN_OBJC_IMPLICIT_RETAIN_SELF = YES;
				CLANG_WARN_OBJC_LITERAL_CONVERSION = YES;
				CLANG_WARN_OBJC_ROOT_CLASS = YES_ERROR;
				CLANG_WARN_QUOTED_INCLUDE_IN_FRAMEWORK_HEADER = YES;
				CLANG_WARN_RANGE_LOOP_ANALYSIS = YES;
				CLANG_WARN_STRICT_PROTOTYPES = YES;
				CLANG_WARN_SUSPICIOUS_MOVE = YES;
				CLANG_WARN_UNGUARDED_AVAILABILITY = YES_AGGRESSIVE;
				CLANG_WARN_UNREACHABLE_CODE = YES;
				CLANG_WARN__DUPLICATE_METHOD_MATCH = YES;
				COPY_PHASE_STRIP = NO;
				DEBUG_INFORMATION_FORMAT = "dwarf-with-dsym";
				ENABLE_NS_ASSERTIONS = NO;
				ENABLE_STRICT_OBJC_MSGSEND = YES;
				GCC_C_LANGUAGE_STANDARD = gnu11;
				GCC_NO_COMMON_BLOCKS = YES;
				GCC_WARN_64_TO_32_BIT_CONVERSION = YES;
				GCC_WARN_ABOUT_RETURN_TYPE = YES_ERROR;
				GCC_WARN_UNDECLARED_SELECTOR = YES;
				GCC_WARN_UNINITIALIZED_AUTOS = YES_AGGRESSIVE;
				GCC_WARN_UNUSED_FUNCTION = YES;
				GCC_WARN_UNUSED_VARIABLE = YES;
				IPHONEOS_DEPLOYMENT_TARGET = 13.0;
				MTL_ENABLE_DEBUG_INFO = NO;
				MTL_FAST_MATH = YES;
				SDKROOT = iphoneos;
				SWIFT_COMPILATION_MODE = wholemodule;
				SWIFT_OPTIMIZATION_LEVEL = "-O";
				VALIDATE_PRODUCT = YES;
			};
			name = Release;
		};
		1CE78D512842569A00718645 /* Debug */ = {
			isa = XCBuildConfiguration;
			buildSettings = {
				ASSETCATALOG_COMPILER_APPICON_NAME = AppIcon;
				ASSETCATALOG_COMPILER_GLOBAL_ACCENT_COLOR_NAME = AccentColor;
				CODE_SIGN_STYLE = Automatic;
				CURRENT_PROJECT_VERSION = 1;
				DEVELOPMENT_TEAM = KLJ32GT9C2;
				GENERATE_INFOPLIST_FILE = YES;
				INFOPLIST_FILE = countries/Info.plist;
				INFOPLIST_KEY_UIApplicationSupportsIndirectInputEvents = YES;
				INFOPLIST_KEY_UILaunchStoryboardName = LaunchScreen;
				INFOPLIST_KEY_UIMainStoryboardFile = Main;
				INFOPLIST_KEY_UISupportedInterfaceOrientations_iPad = "UIInterfaceOrientationPortrait UIInterfaceOrientationPortraitUpsideDown UIInterfaceOrientationLandscapeLeft UIInterfaceOrientationLandscapeRight";
				INFOPLIST_KEY_UISupportedInterfaceOrientations_iPhone = "UIInterfaceOrientationPortrait UIInterfaceOrientationLandscapeLeft UIInterfaceOrientationLandscapeRight";
				LD_RUNPATH_SEARCH_PATHS = (
					"$(inherited)",
					"@executable_path/Frameworks",
				);
				MARKETING_VERSION = 1.0;
				PRODUCT_BUNDLE_IDENTIFIER = com.bahadirovski.countries;
				PRODUCT_NAME = "$(TARGET_NAME)";
				SWIFT_EMIT_LOC_STRINGS = YES;
				SWIFT_VERSION = 5.0;
				TARGETED_DEVICE_FAMILY = "1,2";
			};
			name = Debug;
		};
		1CE78D522842569A00718645 /* Release */ = {
			isa = XCBuildConfiguration;
			buildSettings = {
				ASSETCATALOG_COMPILER_APPICON_NAME = AppIcon;
				ASSETCATALOG_COMPILER_GLOBAL_ACCENT_COLOR_NAME = AccentColor;
				CODE_SIGN_STYLE = Automatic;
				CURRENT_PROJECT_VERSION = 1;
				DEVELOPMENT_TEAM = KLJ32GT9C2;
				GENERATE_INFOPLIST_FILE = YES;
				INFOPLIST_FILE = countries/Info.plist;
				INFOPLIST_KEY_UIApplicationSupportsIndirectInputEvents = YES;
				INFOPLIST_KEY_UILaunchStoryboardName = LaunchScreen;
				INFOPLIST_KEY_UIMainStoryboardFile = Main;
				INFOPLIST_KEY_UISupportedInterfaceOrientations_iPad = "UIInterfaceOrientationPortrait UIInterfaceOrientationPortraitUpsideDown UIInterfaceOrientationLandscapeLeft UIInterfaceOrientationLandscapeRight";
				INFOPLIST_KEY_UISupportedInterfaceOrientations_iPhone = "UIInterfaceOrientationPortrait UIInterfaceOrientationLandscapeLeft UIInterfaceOrientationLandscapeRight";
				LD_RUNPATH_SEARCH_PATHS = (
					"$(inherited)",
					"@executable_path/Frameworks",
				);
				MARKETING_VERSION = 1.0;
				PRODUCT_BUNDLE_IDENTIFIER = com.bahadirovski.countries;
				PRODUCT_NAME = "$(TARGET_NAME)";
				SWIFT_EMIT_LOC_STRINGS = YES;
				SWIFT_VERSION = 5.0;
				TARGETED_DEVICE_FAMILY = "1,2";
			};
			name = Release;
		};
		1CE78D542842569A00718645 /* Debug */ = {
			isa = XCBuildConfiguration;
			buildSettings = {
				ALWAYS_EMBED_SWIFT_STANDARD_LIBRARIES = YES;
				BUNDLE_LOADER = "$(TEST_HOST)";
				CODE_SIGN_STYLE = Automatic;
				CURRENT_PROJECT_VERSION = 1;
				DEVELOPMENT_TEAM = KLJ32GT9C2;
				GENERATE_INFOPLIST_FILE = YES;
				IPHONEOS_DEPLOYMENT_TARGET = 15.2;
				MARKETING_VERSION = 1.0;
				PRODUCT_BUNDLE_IDENTIFIER = com.bahadirovski.countriesTests;
				PRODUCT_NAME = "$(TARGET_NAME)";
				SWIFT_EMIT_LOC_STRINGS = NO;
				SWIFT_VERSION = 5.0;
				TARGETED_DEVICE_FAMILY = "1,2";
				TEST_HOST = "$(BUILT_PRODUCTS_DIR)/countries.app/countries";
			};
			name = Debug;
		};
		1CE78D552842569A00718645 /* Release */ = {
			isa = XCBuildConfiguration;
			buildSettings = {
				ALWAYS_EMBED_SWIFT_STANDARD_LIBRARIES = YES;
				BUNDLE_LOADER = "$(TEST_HOST)";
				CODE_SIGN_STYLE = Automatic;
				CURRENT_PROJECT_VERSION = 1;
				DEVELOPMENT_TEAM = KLJ32GT9C2;
				GENERATE_INFOPLIST_FILE = YES;
				IPHONEOS_DEPLOYMENT_TARGET = 15.2;
				MARKETING_VERSION = 1.0;
				PRODUCT_BUNDLE_IDENTIFIER = com.bahadirovski.countriesTests;
				PRODUCT_NAME = "$(TARGET_NAME)";
				SWIFT_EMIT_LOC_STRINGS = NO;
				SWIFT_VERSION = 5.0;
				TARGETED_DEVICE_FAMILY = "1,2";
				TEST_HOST = "$(BUILT_PRODUCTS_DIR)/countries.app/countries";
			};
			name = Release;
		};
		1CE78D572842569A00718645 /* Debug */ = {
			isa = XCBuildConfiguration;
			buildSettings = {
				ALWAYS_EMBED_SWIFT_STANDARD_LIBRARIES = YES;
				CODE_SIGN_STYLE = Automatic;
				CURRENT_PROJECT_VERSION = 1;
				DEVELOPMENT_TEAM = KLJ32GT9C2;
				GENERATE_INFOPLIST_FILE = YES;
				MARKETING_VERSION = 1.0;
				PRODUCT_BUNDLE_IDENTIFIER = com.bahadirovski.countriesUITests;
				PRODUCT_NAME = "$(TARGET_NAME)";
				SWIFT_EMIT_LOC_STRINGS = NO;
				SWIFT_VERSION = 5.0;
				TARGETED_DEVICE_FAMILY = "1,2";
				TEST_TARGET_NAME = countries;
			};
			name = Debug;
		};
		1CE78D582842569A00718645 /* Release */ = {
			isa = XCBuildConfiguration;
			buildSettings = {
				ALWAYS_EMBED_SWIFT_STANDARD_LIBRARIES = YES;
				CODE_SIGN_STYLE = Automatic;
				CURRENT_PROJECT_VERSION = 1;
				DEVELOPMENT_TEAM = KLJ32GT9C2;
				GENERATE_INFOPLIST_FILE = YES;
				MARKETING_VERSION = 1.0;
				PRODUCT_BUNDLE_IDENTIFIER = com.bahadirovski.countriesUITests;
				PRODUCT_NAME = "$(TARGET_NAME)";
				SWIFT_EMIT_LOC_STRINGS = NO;
				SWIFT_VERSION = 5.0;
				TARGETED_DEVICE_FAMILY = "1,2";
				TEST_TARGET_NAME = countries;
			};
			name = Release;
		};
/* End XCBuildConfiguration section */

/* Begin XCConfigurationList section */
		1CE78D212842569800718645 /* Build configuration list for PBXProject "countries" */ = {
			isa = XCConfigurationList;
			buildConfigurations = (
				1CE78D4E2842569A00718645 /* Debug */,
				1CE78D4F2842569A00718645 /* Release */,
			);
			defaultConfigurationIsVisible = 0;
			defaultConfigurationName = Release;
		};
		1CE78D502842569A00718645 /* Build configuration list for PBXNativeTarget "countries" */ = {
			isa = XCConfigurationList;
			buildConfigurations = (
				1CE78D512842569A00718645 /* Debug */,
				1CE78D522842569A00718645 /* Release */,
			);
			defaultConfigurationIsVisible = 0;
			defaultConfigurationName = Release;
		};
		1CE78D532842569A00718645 /* Build configuration list for PBXNativeTarget "countriesTests" */ = {
			isa = XCConfigurationList;
			buildConfigurations = (
				1CE78D542842569A00718645 /* Debug */,
				1CE78D552842569A00718645 /* Release */,
			);
			defaultConfigurationIsVisible = 0;
			defaultConfigurationName = Release;
		};
		1CE78D562842569A00718645 /* Build configuration list for PBXNativeTarget "countriesUITests" */ = {
			isa = XCConfigurationList;
			buildConfigurations = (
				1CE78D572842569A00718645 /* Debug */,
				1CE78D582842569A00718645 /* Release */,
			);
			defaultConfigurationIsVisible = 0;
			defaultConfigurationName = Release;
		};
/* End XCConfigurationList section */

/* Begin XCRemoteSwiftPackageReference section */
		1CE78D772843892600718645 /* XCRemoteSwiftPackageReference "Alamofire" */ = {
			isa = XCRemoteSwiftPackageReference;
			repositoryURL = "https://github.com/Alamofire/Alamofire";
			requirement = {
				kind = upToNextMajorVersion;
				minimumVersion = 5.0.0;
			};
		};
/* End XCRemoteSwiftPackageReference section */

/* Begin XCSwiftPackageProductDependency section */
		1CE78D782843892600718645 /* Alamofire */ = {
			isa = XCSwiftPackageProductDependency;
			package = 1CE78D772843892600718645 /* XCRemoteSwiftPackageReference "Alamofire" */;
			productName = Alamofire;
		};
/* End XCSwiftPackageProductDependency section */
	};
	rootObject = 1CE78D1E2842569800718645 /* Project object */;
}
