// !$*UTF8*$!
{
	archiveVersion = 1;
	classes = {
	};
	objectVersion = 55;
	objects = {

/* Begin PBXBuildFile section */
		1CE78D2A2842569800718645 /* AppDelegate.swift in Sources */ = {isa = PBXBuildFile; fileRef = 1CE78D292842569800718645 /* AppDelegate.swift */; };
		1CE78D2E2842569800718645 /* ViewController.swift in Sources */ = {isa = PBXBuildFile; fileRef = 1CE78D2D2842569800718645 /* ViewController.swift */; };
		1CE78D312842569800718645 /* Main.storyboard in Resources */ = {isa = PBXBuildFile; fileRef = 1CE78D2F2842569800718645 /* Main.storyboard */; };
		1CE78D332842569A00718645 /* Assets.xcassets in Resources */ = {isa = PBXBuildFile; fileRef = 1CE78D322842569A00718645 /* Assets.xcassets */; };
		1CE78D362842569A00718645 /* LaunchScreen.storyboard in Resources */ = {isa = PBXBuildFile; fileRef = 1CE78D342842569A00718645 /* LaunchScreen.storyboard */; };
		1CE78D412842569A00718645 /* countriesTests.swift in Sources */ = {isa = PBXBuildFile; fileRef = 1CE78D402842569A00718645 /* countriesTests.swift */; };
		1CE78D4B2842569A00718645 /* countriesUITests.swift in Sources */ = {isa = PBXBuildFile; fileRef = 1CE78D4A2842569A00718645 /* countriesUITests.swift */; };
		1CE78D4D2842569A00718645 /* countriesUITestsLaunchTests.swift in Sources */ = {isa = PBXBuildFile; fileRef = 1CE78D4C2842569A00718645 /* countriesUITestsLaunchTests.swift */; };
		1CE78D5A2842963A00718645 /* TabbarController.swift in Sources */ = {isa = PBXBuildFile; fileRef = 1CE78D592842963A00718645 /* TabbarController.swift */; };
		1CE78D5D28429AE900718645 /* CountryListViewController.swift in Sources */ = {isa = PBXBuildFile; fileRef = 1CE78D5B28429AE900718645 /* CountryListViewController.swift */; };
		1CE78D5E28429AE900718645 /* CountryListViewController.xib in Resources */ = {isa = PBXBuildFile; fileRef = 1CE78D5C28429AE900718645 /* CountryListViewController.xib */; };
		1CE78D612842A9F500718645 /* CountryListViewModel.swift in Sources */ = {isa = PBXBuildFile; fileRef = 1CE78D602842A9F500718645 /* CountryListViewModel.swift */; };
/* End PBXBuildFile section */

/* Begin PBXContainerItemProxy section */
		1CE78D3D2842569A00718645 /* PBXContainerItemProxy */ = {
			isa = PBXContainerItemProxy;
			containerPortal = 1CE78D1E2842569800718645 /* Project object */;
			proxyType = 1;
			remoteGlobalIDString = 1CE78D252842569800718645;
			remoteInfo = countries;
		};
		1CE78D472842569A00718645 /* PBXContainerItemProxy */ = {
			isa = PBXContainerItemProxy;
			containerPortal = 1CE78D1E2842569800718645 /* Project object */;
			proxyType = 1;
			remoteGlobalIDString = 1CE78D252842569800718645;
			remoteInfo = countries;
		};
/* End PBXContainerItemProxy section */

/* Begin PBXFileReference section */
		1CE78D262842569800718645 /* countries.app */ = {isa = PBXFileReference; explicitFileType = wrapper.application; includeInIndex = 0; path = countries.app; sourceTree = BUILT_PRODUCTS_DIR; };
		1CE78D292842569800718645 /* AppDelegate.swift */ = {isa = PBXFileReference; lastKnownFileType = sourcecode.swift; path = AppDelegate.swift; sourceTree = "<group>"; };
		1CE78D2D2842569800718645 /* ViewController.swift */ = {isa = PBXFileReference; lastKnownFileType = sourcecode.swift; path = ViewController.swift; sourceTree = "<group>"; };
		1CE78D302842569800718645 /* Base */ = {isa = PBXFileReference; lastKnownFileType = file.storyboard; name = Base; path = Base.lproj/Main.storyboard; sourceTree = "<group>"; };
		1CE78D322842569A00718645 /* Assets.xcassets */ = {isa = PBXFileReference; lastKnownFileType = folder.assetcatalog; path = Assets.xcassets; sourceTree = "<group>"; };
		1CE78D352842569A00718645 /* Base */ = {isa = PBXFileReference; lastKnownFileType = file.storyboard; name = Base; path = Base.lproj/LaunchScreen.storyboard; sourceTree = "<group>"; };
		1CE78D372842569A00718645 /* Info.plist */ = {isa = PBXFileReference; lastKnownFileType = text.plist.xml; path = Info.plist; sourceTree = "<group>"; };
		1CE78D3C2842569A00718645 /* countriesTests.xctest */ = {isa = PBXFileReference; explicitFileType = wrapper.cfbundle; includeInIndex = 0; path = countriesTests.xctest; sourceTree = BUILT_PRODUCTS_DIR; };
		1CE78D402842569A00718645 /* countriesTests.swift */ = {isa = PBXFileReference; lastKnownFileType = sourcecode.swift; path = countriesTests.swift; sourceTree = "<group>"; };
		1CE78D462842569A00718645 /* countriesUITests.xctest */ = {isa = PBXFileReference; explicitFileType = wrapper.cfbundle; includeInIndex = 0; path = countriesUITests.xctest; sourceTree = BUILT_PRODUCTS_DIR; };
		1CE78D4A2842569A00718645 /* countriesUITests.swift */ = {isa = PBXFileReference; lastKnownFileType = sourcecode.swift; path = countriesUITests.swift; sourceTree = "<group>"; };
		1CE78D4C2842569A00718645 /* countriesUITestsLaunchTests.swift */ = {isa = PBXFileReference; lastKnownFileType = sourcecode.swift; path = countriesUITestsLaunchTests.swift; sourceTree = "<group>"; };
		1CE78D592842963A00718645 /* TabbarController.swift */ = {isa = PBXFileReference; lastKnownFileType = sourcecode.swift; path = TabbarController.swift; sourceTree = "<group>"; };
		1CE78D5B28429AE900718645 /* CountryListViewController.swift */ = {isa = PBXFileReference; lastKnownFileType = sourcecode.swift; path = CountryListViewController.swift; sourceTree = "<group>"; };
		1CE78D5C28429AE900718645 /* CountryListViewController.xib */ = {isa = PBXFileReference; lastKnownFileType = file.xib; path = CountryListViewController.xib; sourceTree = "<group>"; };
		1CE78D602842A9F500718645 /* CountryListViewModel.swift */ = {isa = PBXFileReference; lastKnownFileType = sourcecode.swift; path = CountryListViewModel.swift; sourceTree = "<group>"; };
/* End PBXFileReference section */

/* Begin PBXFrameworksBuildPhase section */
		1CE78D232842569800718645 /* Frameworks */ = {
			isa = PBXFrameworksBuildPhase;
			buildActionMask = 2147483647;
			files = (
			);
			runOnlyForDeploymentPostprocessing = 0;
		};
		1CE78D392842569A00718645 /* Frameworks */ = {
			isa = PBXFrameworksBuildPhase;
			buildActionMask = 2147483647;
			files = (
			);
			runOnlyForDeploymentPostprocessing = 0;
		};
		1CE78D432842569A00718645 /* Frameworks */ = {
			isa = PBXFrameworksBuildPhase;
			buildActionMask = 2147483647;
			files = (
			);
			runOnlyForDeploymentPostprocessing = 0;
		};
/* End PBXFrameworksBuildPhase section */

/* Begin PBXGroup section */
		1CE78D1D2842569800718645 = {
			isa = PBXGroup;
			children = (
				1CE78D282842569800718645 /* countries */,
				1CE78D3F2842569A00718645 /* countriesTests */,
				1CE78D492842569A00718645 /* countriesUITests */,
				1CE78D272842569800718645 /* Products */,
			);
			sourceTree = "<group>";
		};
		1CE78D272842569800718645 /* Products */ = {
			isa = PBXGroup;
			children = (
				1CE78D262842569800718645 /* countries.app */,
				1CE78D3C2842569A00718645 /* countriesTests.xctest */,
				1CE78D462842569A00718645 /* countriesUITests.xctest */,
			);
			name = Products;
			sourceTree = "<group>";
		};
		1CE78D282842569800718645 /* countries */ = {
			isa = PBXGroup;
			children = (
				1CE78D292842569800718645 /* AppDelegate.swift */,
				1CE78D2D2842569800718645 /* ViewController.swift */,
				1CE78D2F2842569800718645 /* Main.storyboard */,
				1CE78D322842569A00718645 /* Assets.xcassets */,
				1CE78D342842569A00718645 /* LaunchScreen.storyboard */,
				1CE78D372842569A00718645 /* Info.plist */,
				1CE78D592842963A00718645 /* TabbarController.swift */,
				1CE78D5F28429D0400718645 /* Country List */,
			);
			path = countries;
			sourceTree = "<group>";
		};
		1CE78D3F2842569A00718645 /* countriesTests */ = {
			isa = PBXGroup;
			children = (
				1CE78D402842569A00718645 /* countriesTests.swift */,
			);
			path = countriesTests;
			sourceTree = "<group>";
		};
		1CE78D492842569A00718645 /* countriesUITests */ = {
			isa = PBXGroup;
			children = (
				1CE78D4A2842569A00718645 /* countriesUITests.swift */,
				1CE78D4C2842569A00718645 /* countriesUITestsLaunchTests.swift */,
			);
			path = countriesUITests;
			sourceTree = "<group>";
		};
		1CE78D5F28429D0400718645 /* Country List */ = {
			isa = PBXGroup;
			children = (
				1CE78D5B28429AE900718645 /* CountryListViewController.swift */,
				1CE78D5C28429AE900718645 /* CountryListViewController.xib */,
				1CE78D602842A9F500718645 /* CountryListViewModel.swift */,
			);
			path = "Country List";
			sourceTree = "<group>";
		};
/* End PBXGroup section */

/* Begin PBXNativeTarget section */
		1CE78D252842569800718645 /* countries */ = {
			isa = PBXNativeTarget;
			buildConfigurationList = 1CE78D502842569A00718645 /* Build configuration list for PBXNativeTarget "countries" */;
			buildPhases = (
				1CE78D222842569800718645 /* Sources */,
				1CE78D232842569800718645 /* Frameworks */,
				1CE78D242842569800718645 /* Resources */,
			);
			buildRules = (
			);
			dependencies = (
			);
			name = countries;
			productName = countries;
			productReference = 1CE78D262842569800718645 /* countries.app */;
			productType = "com.apple.product-type.application";
		};
		1CE78D3B2842569A00718645 /* countriesTests */ = {
			isa = PBXNativeTarget;
			buildConfigurationList = 1CE78D532842569A00718645 /* Build configuration list for PBXNativeTarget "countriesTests" */;
			buildPhases = (
				1CE78D382842569A00718645 /* Sources */,
				1CE78D392842569A00718645 /* Frameworks */,
				1CE78D3A2842569A00718645 /* Resources */,
			);
			buildRules = (
			);
			dependencies = (
				1CE78D3E2842569A00718645 /* PBXTargetDependency */,
			);
			name = countriesTests;
			productName = countriesTests;
			productReference = 1CE78D3C2842569A00718645 /* countriesTests.xctest */;
			productType = "com.apple.product-type.bundle.unit-test";
		};
		1CE78D452842569A00718645 /* countriesUITests */ = {
			isa = PBXNativeTarget;
			buildConfigurationList = 1CE78D562842569A00718645 /* Build configuration list for PBXNativeTarget "countriesUITests" */;
			buildPhases = (
				1CE78D422842569A00718645 /* Sources */,
				1CE78D432842569A00718645 /* Frameworks */,
				1CE78D442842569A00718645 /* Resources */,
			);
			buildRules = (
			);
			dependencies = (
				1CE78D482842569A00718645 /* PBXTargetDependency */,
			);
			name = countriesUITests;
			productName = countriesUITests;
			productReference = 1CE78D462842569A00718645 /* countriesUITests.xctest */;
			productType = "com.apple.product-type.bundle.ui-testing";
		};
/* End PBXNativeTarget section */

/* Begin PBXProject section */
		1CE78D1E2842569800718645 /* Project object */ = {
			isa = PBXProject;
			attributes = {
				BuildIndependentTargetsInParallel = 1;
				LastSwiftUpdateCheck = 1320;
				LastUpgradeCheck = 1320;
				TargetAttributes = {
					1CE78D252842569800718645 = {
						CreatedOnToolsVersion = 13.2.1;
					};
					1CE78D3B2842569A00718645 = {
						CreatedOnToolsVersion = 13.2.1;
						TestTargetID = 1CE78D252842569800718645;
					};
					1CE78D452842569A00718645 = {
						CreatedOnToolsVersion = 13.2.1;
						TestTargetID = 1CE78D252842569800718645;
					};
				};
			};
			buildConfigurationList = 1CE78D212842569800718645 /* Build configuration list for PBXProject "countries" */;
			compatibilityVersion = "Xcode 13.0";
			developmentRegion = en;
			hasScannedForEncodings = 0;
			knownRegions = (
				en,
				Base,
			);
			mainGroup = 1CE78D1D2842569800718645;
			productRefGroup = 1CE78D272842569800718645 /* Products */;
			projectDirPath = "";
			projectRoot = "";
			targets = (
				1CE78D252842569800718645 /* countries */,
				1CE78D3B2842569A00718645 /* countriesTests */,
				1CE78D452842569A00718645 /* countriesUITests */,
			);
		};
/* End PBXProject section */

/* Begin PBXResourcesBuildPhase section */
		1CE78D242842569800718645 /* Resources */ = {
			isa = PBXResourcesBuildPhase;
			buildActionMask = 2147483647;
			files = (
				1CE78D362842569A00718645 /* LaunchScreen.storyboard in Resources */,
				1CE78D5E28429AE900718645 /* CountryListViewController.xib in Resources */,
				1CE78D332842569A00718645 /* Assets.xcassets in Resources */,
				1CE78D312842569800718645 /* Main.storyboard in Resources */,
			);
			runOnlyForDeploymentPostprocessing = 0;
		};
		1CE78D3A2842569A00718645 /* Resources */ = {
			isa = PBXResourcesBuildPhase;
			buildActionMask = 2147483647;
			files = (
			);
			runOnlyForDeploymentPostprocessing = 0;
		};
		1CE78D442842569A00718645 /* Resources */ = {
			isa = PBXResourcesBuildPhase;
			buildActionMask = 2147483647;
			files = (
			);
			runOnlyForDeploymentPostprocessing = 0;
		};
/* End PBXResourcesBuildPhase section */

/* Begin PBXSourcesBuildPhase section */
		1CE78D222842569800718645 /* Sources */ = {
			isa = PBXSourcesBuildPhase;
			buildActionMask = 2147483647;
			files = (
				1CE78D2E2842569800718645 /* ViewController.swift in Sources */,
				1CE78D5D28429AE900718645 /* CountryListViewController.swift in Sources */,
				1CE78D5A2842963A00718645 /* TabbarController.swift in Sources */,
				1CE78D612842A9F500718645 /* CountryListViewModel.swift in Sources */,
				1CE78D2A2842569800718645 /* AppDelegate.swift in Sources */,
			);
			runOnlyForDeploymentPostprocessing = 0;
		};
		1CE78D382842569A00718645 /* Sources */ = {
			isa = PBXSourcesBuildPhase;
			buildActionMask = 2147483647;
			files = (
				1CE78D412842569A00718645 /* countriesTests.swift in Sources */,
			);
			runOnlyForDeploymentPostprocessing = 0;
		};
		1CE78D422842569A00718645 /* Sources */ = {
			isa = PBXSourcesBuildPhase;
			buildActionMask = 2147483647;
			files = (
				1CE78D4B2842569A00718645 /* countriesUITests.swift in Sources */,
				1CE78D4D2842569A00718645 /* countriesUITestsLaunchTests.swift in Sources */,
			);
			runOnlyForDeploymentPostprocessing = 0;
		};
/* End PBXSourcesBuildPhase section */

/* Begin PBXTargetDependency section */
		1CE78D3E2842569A00718645 /* PBXTargetDependency */ = {
			isa = PBXTargetDependency;
			target = 1CE78D252842569800718645 /* countries */;
			targetProxy = 1CE78D3D2842569A00718645 /* PBXContainerItemProxy */;
		};
		1CE78D482842569A00718645 /* PBXTargetDependency */ = {
			isa = PBXTargetDependency;
			target = 1CE78D252842569800718645 /* countries */;
			targetProxy = 1CE78D472842569A00718645 /* PBXContainerItemProxy */;
		};
/* End PBXTargetDependency section */

/* Begin PBXVariantGroup section */
		1CE78D2F2842569800718645 /* Main.storyboard */ = {
			isa = PBXVariantGroup;
			children = (
				1CE78D302842569800718645 /* Base */,
			);
			name = Main.storyboard;
			sourceTree = "<group>";
		};
		1CE78D342842569A00718645 /* LaunchScreen.storyboard */ = {
			isa = PBXVariantGroup;
			children = (
				1CE78D352842569A00718645 /* Base */,
			);
			name = LaunchScreen.storyboard;
			sourceTree = "<group>";
		};
/* End PBXVariantGroup section */

/* Begin XCBuildConfiguration section */
		1CE78D4E2842569A00718645 /* Debug */ = {
			isa = XCBuildConfiguration;
			buildSettings = {
				ALWAYS_SEARCH_USER_PATHS = NO;
				CLANG_ANALYZER_NONNULL = YES;
				CLANG_ANALYZER_NUMBER_OBJECT_CONVERSION = YES_AGGRESSIVE;
				CLANG_CXX_LANGUAGE_STANDARD = "gnu++17";
				CLANG_CXX_LIBRARY = "libc++";
				CLANG_ENABLE_MODULES = YES;
				CLANG_ENABLE_OBJC_ARC = YES;
				CLANG_ENABLE_OBJC_WEAK = YES;
				CLANG_WARN_BLOCK_CAPTURE_AUTORELEASING = YES;
				CLANG_WARN_BOOL_CONVERSION = YES;
				CLANG_WARN_COMMA = YES;
				CLANG_WARN_CONSTANT_CONVERSION = YES;
				CLANG_WARN_DEPRECATED_OBJC_IMPLEMENTATIONS = YES;
				CLANG_WARN_DIRECT_OBJC_ISA_USAGE = YES_ERROR;
				CLANG_WARN_DOCUMENTATION_COMMENTS = YES;
				CLANG_WARN_EMPTY_BODY = YES;
				CLANG_WARN_ENUM_CONVERSION = YES;
				CLANG_WARN_INFINITE_RECURSION = YES;
				CLANG_WARN_INT_CONVERSION = YES;
				CLANG_WARN_NON_LITERAL_NULL_CONVERSION = YES;
				CLANG_WARN_OBJC_IMPLICIT_RETAIN_SELF = YES;
				CLANG_WARN_OBJC_LITERAL_CONVERSION = YES;
				CLANG_WARN_OBJC_ROOT_CLASS = YES_ERROR;
				CLANG_WARN_QUOTED_INCLUDE_IN_FRAMEWORK_HEADER = YES;
				CLANG_WARN_RANGE_LOOP_ANALYSIS = YES;
				CLANG_WARN_STRICT_PROTOTYPES = YES;
				CLANG_WARN_SUSPICIOUS_MOVE = YES;
				CLANG_WARN_UNGUARDED_AVAILABILITY = YES_AGGRESSIVE;
				CLANG_WARN_UNREACHABLE_CODE = YES;
				CLANG_WARN__DUPLICATE_METHOD_MATCH = YES;
				COPY_PHASE_STRIP = NO;
				DEBUG_INFORMATION_FORMAT = dwarf;
				ENABLE_STRICT_OBJC_MSGSEND = YES;
				ENABLE_TESTABILITY = YES;
				GCC_C_LANGUAGE_STANDARD = gnu11;
				GCC_DYNAMIC_NO_PIC = NO;
				GCC_NO_COMMON_BLOCKS = YES;
				GCC_OPTIMIZATION_LEVEL = 0;
				GCC_PREPROCESSOR_DEFINITIONS = (
					"DEBUG=1",
					"$(inherited)",
				);
				GCC_WARN_64_TO_32_BIT_CONVERSION = YES;
				GCC_WARN_ABOUT_RETURN_TYPE = YES_ERROR;
				GCC_WARN_UNDECLARED_SELECTOR = YES;
				GCC_WARN_UNINITIALIZED_AUTOS = YES_AGGRESSIVE;
				GCC_WARN_UNUSED_FUNCTION = YES;
				GCC_WARN_UNUSED_VARIABLE = YES;
				IPHONEOS_DEPLOYMENT_TARGET = 13.0;
				MTL_ENABLE_DEBUG_INFO = INCLUDE_SOURCE;
				MTL_FAST_MATH = YES;
				ONLY_ACTIVE_ARCH = YES;
				SDKROOT = iphoneos;
				SWIFT_ACTIVE_COMPILATION_CONDITIONS = DEBUG;
				SWIFT_OPTIMIZATION_LEVEL = "-Onone";
			};
			name = Debug;
		};
		1CE78D4F2842569A00718645 /* Release */ = {
			isa = XCBuildConfiguration;
			buildSettings = {
				ALWAYS_SEARCH_USER_PATHS = NO;
				CLANG_ANALYZER_NONNULL = YES;
				CLANG_ANALYZER_NUMBER_OBJECT_CONVERSION = YES_AGGRESSIVE;
				CLANG_CXX_LANGUAGE_STANDARD = "gnu++17";
				CLANG_CXX_LIBRARY = "libc++";
				CLANG_ENABLE_MODULES = YES;
				CLANG_ENABLE_OBJC_ARC = YES;
				CLANG_ENABLE_OBJC_WEAK = YES;
				CLANG_WARN_BLOCK_CAPTURE_AUTORELEASING = YES;
				CLANG_WARN_BOOL_CONVERSION = YES;
				CLANG_WARN_COMMA = YES;
				CLANG_WARN_CONSTANT_CONVERSION = YES;
				CLANG_WARN_DEPRECATED_OBJC_IMPLEMENTATIONS = YES;
				CLANG_WARN_DIRECT_OBJC_ISA_USAGE = YES_ERROR;
				CLANG_WARN_DOCUMENTATION_COMMENTS = YES;
				CLANG_WARN_EMPTY_BODY = YES;
				CLANG_WARN_ENUM_CONVERSION = YES;
				CLANG_WARN_INFINITE_RECURSION = YES;
				CLANG_WARN_INT_CONVERSION = YES;
				CLANG_WARN_NON_LITERAL_NULL_CONVERSION = YES;
				CLANG_WARN_OBJC_IMPLICIT_RETAIN_SELF = YES;
				CLANG_WARN_OBJC_LITERAL_CONVERSION = YES;
				CLANG_WARN_OBJC_ROOT_CLASS = YES_ERROR;
				CLANG_WARN_QUOTED_INCLUDE_IN_FRAMEWORK_HEADER = YES;
				CLANG_WARN_RANGE_LOOP_ANALYSIS = YES;
				CLANG_WARN_STRICT_PROTOTYPES = YES;
				CLANG_WARN_SUSPICIOUS_MOVE = YES;
				CLANG_WARN_UNGUARDED_AVAILABILITY = YES_AGGRESSIVE;
				CLANG_WARN_UNREACHABLE_CODE = YES;
				CLANG_WARN__DUPLICATE_METHOD_MATCH = YES;
				COPY_PHASE_STRIP = NO;
				DEBUG_INFORMATION_FORMAT = "dwarf-with-dsym";
				ENABLE_NS_ASSERTIONS = NO;
				ENABLE_STRICT_OBJC_MSGSEND = YES;
				GCC_C_LANGUAGE_STANDARD = gnu11;
				GCC_NO_COMMON_BLOCKS = YES;
				GCC_WARN_64_TO_32_BIT_CONVERSION = YES;
				GCC_WARN_ABOUT_RETURN_TYPE = YES_ERROR;
				GCC_WARN_UNDECLARED_SELECTOR = YES;
				GCC_WARN_UNINITIALIZED_AUTOS = YES_AGGRESSIVE;
				GCC_WARN_UNUSED_FUNCTION = YES;
				GCC_WARN_UNUSED_VARIABLE = YES;
				IPHONEOS_DEPLOYMENT_TARGET = 13.0;
				MTL_ENABLE_DEBUG_INFO = NO;
				MTL_FAST_MATH = YES;
				SDKROOT = iphoneos;
				SWIFT_COMPILATION_MODE = wholemodule;
				SWIFT_OPTIMIZATION_LEVEL = "-O";
				VALIDATE_PRODUCT = YES;
			};
			name = Release;
		};
		1CE78D512842569A00718645 /* Debug */ = {
			isa = XCBuildConfiguration;
			buildSettings = {
				ASSETCATALOG_COMPILER_APPICON_NAME = AppIcon;
				ASSETCATALOG_COMPILER_GLOBAL_ACCENT_COLOR_NAME = AccentColor;
				CODE_SIGN_STYLE = Automatic;
				CURRENT_PROJECT_VERSION = 1;
				DEVELOPMENT_TEAM = KLJ32GT9C2;
				GENERATE_INFOPLIST_FILE = YES;
				INFOPLIST_FILE = countries/Info.plist;
				INFOPLIST_KEY_UIApplicationSupportsIndirectInputEvents = YES;
				INFOPLIST_KEY_UILaunchStoryboardName = LaunchScreen;
				INFOPLIST_KEY_UIMainStoryboardFile = Main;
				INFOPLIST_KEY_UISupportedInterfaceOrientations_iPad = "UIInterfaceOrientationPortrait UIInterfaceOrientationPortraitUpsideDown UIInterfaceOrientationLandscapeLeft UIInterfaceOrientationLandscapeRight";
				INFOPLIST_KEY_UISupportedInterfaceOrientations_iPhone = "UIInterfaceOrientationPortrait UIInterfaceOrientationLandscapeLeft UIInterfaceOrientationLandscapeRight";
				LD_RUNPATH_SEARCH_PATHS = (
					"$(inherited)",
					"@executable_path/Frameworks",
				);
				MARKETING_VERSION = 1.0;
				PRODUCT_BUNDLE_IDENTIFIER = com.bahadirovski.countries;
				PRODUCT_NAME = "$(TARGET_NAME)";
				SWIFT_EMIT_LOC_STRINGS = YES;
				SWIFT_VERSION = 5.0;
				TARGETED_DEVICE_FAMILY = "1,2";
			};
			name = Debug;
		};
		1CE78D522842569A00718645 /* Release */ = {
			isa = XCBuildConfiguration;
			buildSettings = {
				ASSETCATALOG_COMPILER_APPICON_NAME = AppIcon;
				ASSETCATALOG_COMPILER_GLOBAL_ACCENT_COLOR_NAME = AccentColor;
				CODE_SIGN_STYLE = Automatic;
				CURRENT_PROJECT_VERSION = 1;
				DEVELOPMENT_TEAM = KLJ32GT9C2;
				GENERATE_INFOPLIST_FILE = YES;
				INFOPLIST_FILE = countries/Info.plist;
				INFOPLIST_KEY_UIApplicationSupportsIndirectInputEvents = YES;
				INFOPLIST_KEY_UILaunchStoryboardName = LaunchScreen;
				INFOPLIST_KEY_UIMainStoryboardFile = Main;
				INFOPLIST_KEY_UISupportedInterfaceOrientations_iPad = "UIInterfaceOrientationPortrait UIInterfaceOrientationPortraitUpsideDown UIInterfaceOrientationLandscapeLeft UIInterfaceOrientationLandscapeRight";
				INFOPLIST_KEY_UISupportedInterfaceOrientations_iPhone = "UIInterfaceOrientationPortrait UIInterfaceOrientationLandscapeLeft UIInterfaceOrientationLandscapeRight";
				LD_RUNPATH_SEARCH_PATHS = (
					"$(inherited)",
					"@executable_path/Frameworks",
				);
				MARKETING_VERSION = 1.0;
				PRODUCT_BUNDLE_IDENTIFIER = com.bahadirovski.countries;
				PRODUCT_NAME = "$(TARGET_NAME)";
				SWIFT_EMIT_LOC_STRINGS = YES;
				SWIFT_VERSION = 5.0;
				TARGETED_DEVICE_FAMILY = "1,2";
			};
			name = Release;
		};
		1CE78D542842569A00718645 /* Debug */ = {
			isa = XCBuildConfiguration;
			buildSettings = {
				ALWAYS_EMBED_SWIFT_STANDARD_LIBRARIES = YES;
				BUNDLE_LOADER = "$(TEST_HOST)";
				CODE_SIGN_STYLE = Automatic;
				CURRENT_PROJECT_VERSION = 1;
				DEVELOPMENT_TEAM = KLJ32GT9C2;
				GENERATE_INFOPLIST_FILE = YES;
				IPHONEOS_DEPLOYMENT_TARGET = 15.2;
				MARKETING_VERSION = 1.0;
				PRODUCT_BUNDLE_IDENTIFIER = com.bahadirovski.countriesTests;
				PRODUCT_NAME = "$(TARGET_NAME)";
				SWIFT_EMIT_LOC_STRINGS = NO;
				SWIFT_VERSION = 5.0;
				TARGETED_DEVICE_FAMILY = "1,2";
				TEST_HOST = "$(BUILT_PRODUCTS_DIR)/countries.app/countries";
			};
			name = Debug;
		};
		1CE78D552842569A00718645 /* Release */ = {
			isa = XCBuildConfiguration;
			buildSettings = {
				ALWAYS_EMBED_SWIFT_STANDARD_LIBRARIES = YES;
				BUNDLE_LOADER = "$(TEST_HOST)";
				CODE_SIGN_STYLE = Automatic;
				CURRENT_PROJECT_VERSION = 1;
				DEVELOPMENT_TEAM = KLJ32GT9C2;
				GENERATE_INFOPLIST_FILE = YES;
				IPHONEOS_DEPLOYMENT_TARGET = 15.2;
				MARKETING_VERSION = 1.0;
				PRODUCT_BUNDLE_IDENTIFIER = com.bahadirovski.countriesTests;
				PRODUCT_NAME = "$(TARGET_NAME)";
				SWIFT_EMIT_LOC_STRINGS = NO;
				SWIFT_VERSION = 5.0;
				TARGETED_DEVICE_FAMILY = "1,2";
				TEST_HOST = "$(BUILT_PRODUCTS_DIR)/countries.app/countries";
			};
			name = Release;
		};
		1CE78D572842569A00718645 /* Debug */ = {
			isa = XCBuildConfiguration;
			buildSettings = {
				ALWAYS_EMBED_SWIFT_STANDARD_LIBRARIES = YES;
				CODE_SIGN_STYLE = Automatic;
				CURRENT_PROJECT_VERSION = 1;
				DEVELOPMENT_TEAM = KLJ32GT9C2;
				GENERATE_INFOPLIST_FILE = YES;
				MARKETING_VERSION = 1.0;
				PRODUCT_BUNDLE_IDENTIFIER = com.bahadirovski.countriesUITests;
				PRODUCT_NAME = "$(TARGET_NAME)";
				SWIFT_EMIT_LOC_STRINGS = NO;
				SWIFT_VERSION = 5.0;
				TARGETED_DEVICE_FAMILY = "1,2";
				TEST_TARGET_NAME = countries;
			};
			name = Debug;
		};
		1CE78D582842569A00718645 /* Release */ = {
			isa = XCBuildConfiguration;
			buildSettings = {
				ALWAYS_EMBED_SWIFT_STANDARD_LIBRARIES = YES;
				CODE_SIGN_STYLE = Automatic;
				CURRENT_PROJECT_VERSION = 1;
				DEVELOPMENT_TEAM = KLJ32GT9C2;
				GENERATE_INFOPLIST_FILE = YES;
				MARKETING_VERSION = 1.0;
				PRODUCT_BUNDLE_IDENTIFIER = com.bahadirovski.countriesUITests;
				PRODUCT_NAME = "$(TARGET_NAME)";
				SWIFT_EMIT_LOC_STRINGS = NO;
				SWIFT_VERSION = 5.0;
				TARGETED_DEVICE_FAMILY = "1,2";
				TEST_TARGET_NAME = countries;
			};
			name = Release;
		};
/* End XCBuildConfiguration section */

/* Begin XCConfigurationList section */
		1CE78D212842569800718645 /* Build configuration list for PBXProject "countries" */ = {
			isa = XCConfigurationList;
			buildConfigurations = (
				1CE78D4E2842569A00718645 /* Debug */,
				1CE78D4F2842569A00718645 /* Release */,
			);
			defaultConfigurationIsVisible = 0;
			defaultConfigurationName = Release;
		};
		1CE78D502842569A00718645 /* Build configuration list for PBXNativeTarget "countries" */ = {
			isa = XCConfigurationList;
			buildConfigurations = (
				1CE78D512842569A00718645 /* Debug */,
				1CE78D522842569A00718645 /* Release */,
			);
			defaultConfigurationIsVisible = 0;
			defaultConfigurationName = Release;
		};
		1CE78D532842569A00718645 /* Build configuration list for PBXNativeTarget "countriesTests" */ = {
			isa = XCConfigurationList;
			buildConfigurations = (
				1CE78D542842569A00718645 /* Debug */,
				1CE78D552842569A00718645 /* Release */,
			);
			defaultConfigurationIsVisible = 0;
			defaultConfigurationName = Release;
		};
		1CE78D562842569A00718645 /* Build configuration list for PBXNativeTarget "countriesUITests" */ = {
			isa = XCConfigurationList;
			buildConfigurations = (
				1CE78D572842569A00718645 /* Debug */,
				1CE78D582842569A00718645 /* Release */,
			);
			defaultConfigurationIsVisible = 0;
			defaultConfigurationName = Release;
		};
/* End XCConfigurationList section */
	};
	rootObject = 1CE78D1E2842569800718645 /* Project object */;
}
